
Microsoft Visual Studio Solution File, Format Version 12.00
# Visual Studio 15
VisualStudioVersion = 15.0.28307.1267
MinimumVisualStudioVersion = 10.0.40219.1
Project("{8BC9CEB8-8B4A-11D0-8D11-00A0C91BC942}") = "midiProgramChange", "midiProgramChange\midiProgramChange.vcxproj", "{FD0BFFCC-B763-4CA5-920A-62AE4E0E38AE}"
EndProject
Global
	GlobalSection(SolutionConfigurationPlatforms) = preSolution
		Debug|Win32 = Debug|Win32
		Debug|x64 = Debug|x64
		Inst|Win32 = Inst|Win32
		Inst|x64 = Inst|x64
		Release|Win32 = Release|Win32
		Release|x64 = Release|x64
	EndGlobalSection
	GlobalSection(ProjectConfigurationPlatforms) = postSolution
		{FD0BFFCC-B763-4CA5-920A-62AE4E0E38AE}.Debug|Win32.ActiveCfg = Debug|Win32
		{FD0BFFCC-B763-4CA5-920A-62AE4E0E38AE}.Debug|Win32.Build.0 = Debug|Win32
		{FD0BFFCC-B763-4CA5-920A-62AE4E0E38AE}.Debug|x64.ActiveCfg = Debug|x64
		{FD0BFFCC-B763-4CA5-920A-62AE4E0E38AE}.Debug|x64.Build.0 = Debug|x64
		{FD0BFFCC-B763-4CA5-920A-62AE4E0E38AE}.Inst|Win32.ActiveCfg = Inst|Win32
		{FD0BFFCC-B763-4CA5-920A-62AE4E0E38AE}.Inst|Win32.Build.0 = Inst|Win32
		{FD0BFFCC-B763-4CA5-920A-62AE4E0E38AE}.Inst|x64.ActiveCfg = Inst|x64
		{FD0BFFCC-B763-4CA5-920A-62AE4E0E38AE}.Inst|x64.Build.0 = Inst|x64
		{FD0BFFCC-B763-4CA5-920A-62AE4E0E38AE}.Release|Win32.ActiveCfg = Release|Win32
		{FD0BFFCC-B763-4CA5-920A-62AE4E0E38AE}.Release|Win32.Build.0 = Release|Win32
		{FD0BFFCC-B763-4CA5-920A-62AE4E0E38AE}.Release|x64.ActiveCfg = Release|x64
		{FD0BFFCC-B763-4CA5-920A-62AE4E0E38AE}.Release|x64.Build.0 = Release|x64
	EndGlobalSection
	GlobalSection(SolutionProperties) = preSolution
		HideSolutionNode = FALSE
	EndGlobalSection
	GlobalSection(ExtensibilityGlobals) = postSolution
		SolutionGuid = {3F491C28-5ADB-418C-8582-FD383D99DFED}
	EndGlobalSection
EndGlobal
